
Microsoft Visual Studio Solution File, Format Version 12.00
# Visual Studio 15
VisualStudioVersion = 15.0.28010.2050
MinimumVisualStudioVersion = 10.0.40219.1
Project("{FAE04EC0-301F-11D3-BF4B-00C04F79EFBC}") = "NumKeyBoardDecimalPoint.Android", "NumKeyBoardDecimalPoint\NumKeyBoardDecimalPoint.Android\NumKeyBoardDecimalPoint.Android.csproj", "{0F7405FF-525B-4257-AEE8-B2842D2B025E}"
EndProject
Project("{FAE04EC0-301F-11D3-BF4B-00C04F79EFBC}") = "NumKeyBoardDecimalPoint.iOS", "NumKeyBoardDecimalPoint\NumKeyBoardDecimalPoint.iOS\NumKeyBoardDecimalPoint.iOS.csproj", "{40FDF8A3-4F7C-4BC5-B63D-C36FFE972110}"
EndProject
Project("{FAE04EC0-301F-11D3-BF4B-00C04F79EFBC}") = "NumKeyBoardDecimalPoint.UWP", "NumKeyBoardDecimalPoint\NumKeyBoardDecimalPoint.UWP\NumKeyBoardDecimalPoint.UWP.csproj", "{A0B4B8F7-82FC-47C5-B291-FC1F2E892CC5}"
EndProject
Project("{FAE04EC0-301F-11D3-BF4B-00C04F79EFBC}") = "NumKeyBoardDecimalPoint", "NumKeyBoardDecimalPoint\NumKeyBoardDecimalPoint\NumKeyBoardDecimalPoint.csproj", "{C025D88C-16D5-44E2-8667-CE8999B38DFB}"
EndProject
Global
	GlobalSection(SolutionConfigurationPlatforms) = preSolution
		Ad-Hoc|Any CPU = Ad-Hoc|Any CPU
		Ad-Hoc|ARM = Ad-Hoc|ARM
		Ad-Hoc|iPhone = Ad-Hoc|iPhone
		Ad-Hoc|iPhoneSimulator = Ad-Hoc|iPhoneSimulator
		Ad-Hoc|x64 = Ad-Hoc|x64
		Ad-Hoc|x86 = Ad-Hoc|x86
		AppStore|Any CPU = AppStore|Any CPU
		AppStore|ARM = AppStore|ARM
		AppStore|iPhone = AppStore|iPhone
		AppStore|iPhoneSimulator = AppStore|iPhoneSimulator
		AppStore|x64 = AppStore|x64
		AppStore|x86 = AppStore|x86
		Debug|Any CPU = Debug|Any CPU
		Debug|ARM = Debug|ARM
		Debug|iPhone = Debug|iPhone
		Debug|iPhoneSimulator = Debug|iPhoneSimulator
		Debug|x64 = Debug|x64
		Debug|x86 = Debug|x86
		Release|Any CPU = Release|Any CPU
		Release|ARM = Release|ARM
		Release|iPhone = Release|iPhone
		Release|iPhoneSimulator = Release|iPhoneSimulator
		Release|x64 = Release|x64
		Release|x86 = Release|x86
	EndGlobalSection
	GlobalSection(ProjectConfigurationPlatforms) = postSolution
		{0F7405FF-525B-4257-AEE8-B2842D2B025E}.Ad-Hoc|Any CPU.ActiveCfg = Release|Any CPU
		{0F7405FF-525B-4257-AEE8-B2842D2B025E}.Ad-Hoc|Any CPU.Build.0 = Release|Any CPU
		{0F7405FF-525B-4257-AEE8-B2842D2B025E}.Ad-Hoc|Any CPU.Deploy.0 = Release|Any CPU
		{0F7405FF-525B-4257-AEE8-B2842D2B025E}.Ad-Hoc|ARM.ActiveCfg = Release|Any CPU
		{0F7405FF-525B-4257-AEE8-B2842D2B025E}.Ad-Hoc|ARM.Build.0 = Release|Any CPU
		{0F7405FF-525B-4257-AEE8-B2842D2B025E}.Ad-Hoc|ARM.Deploy.0 = Release|Any CPU
		{0F7405FF-525B-4257-AEE8-B2842D2B025E}.Ad-Hoc|iPhone.ActiveCfg = Release|Any CPU
		{0F7405FF-525B-4257-AEE8-B2842D2B025E}.Ad-Hoc|iPhone.Build.0 = Release|Any CPU
		{0F7405FF-525B-4257-AEE8-B2842D2B025E}.Ad-Hoc|iPhone.Deploy.0 = Release|Any CPU
		{0F7405FF-525B-4257-AEE8-B2842D2B025E}.Ad-Hoc|iPhoneSimulator.ActiveCfg = Release|Any CPU
		{0F7405FF-525B-4257-AEE8-B2842D2B025E}.Ad-Hoc|iPhoneSimulator.Build.0 = Release|Any CPU
		{0F7405FF-525B-4257-AEE8-B2842D2B025E}.Ad-Hoc|iPhoneSimulator.Deploy.0 = Release|Any CPU
		{0F7405FF-525B-4257-AEE8-B2842D2B025E}.Ad-Hoc|x64.ActiveCfg = Release|Any CPU
		{0F7405FF-525B-4257-AEE8-B2842D2B025E}.Ad-Hoc|x64.Build.0 = Release|Any CPU
		{0F7405FF-525B-4257-AEE8-B2842D2B025E}.Ad-Hoc|x64.Deploy.0 = Release|Any CPU
		{0F7405FF-525B-4257-AEE8-B2842D2B025E}.Ad-Hoc|x86.ActiveCfg = Release|Any CPU
		{0F7405FF-525B-4257-AEE8-B2842D2B025E}.Ad-Hoc|x86.Build.0 = Release|Any CPU
		{0F7405FF-525B-4257-AEE8-B2842D2B025E}.Ad-Hoc|x86.Deploy.0 = Release|Any CPU
		{0F7405FF-525B-4257-AEE8-B2842D2B025E}.AppStore|Any CPU.ActiveCfg = Release|Any CPU
		{0F7405FF-525B-4257-AEE8-B2842D2B025E}.AppStore|Any CPU.Build.0 = Release|Any CPU
		{0F7405FF-525B-4257-AEE8-B2842D2B025E}.AppStore|Any CPU.Deploy.0 = Release|Any CPU
		{0F7405FF-525B-4257-AEE8-B2842D2B025E}.AppStore|ARM.ActiveCfg = Release|Any CPU
		{0F7405FF-525B-4257-AEE8-B2842D2B025E}.AppStore|ARM.Build.0 = Release|Any CPU
		{0F7405FF-525B-4257-AEE8-B2842D2B025E}.AppStore|ARM.Deploy.0 = Release|Any CPU
		{0F7405FF-525B-4257-AEE8-B2842D2B025E}.AppStore|iPhone.ActiveCfg = Release|Any CPU
		{0F7405FF-525B-4257-AEE8-B2842D2B025E}.AppStore|iPhone.Build.0 = Release|Any CPU
		{0F7405FF-525B-4257-AEE8-B2842D2B025E}.AppStore|iPhone.Deploy.0 = Release|Any CPU
		{0F7405FF-525B-4257-AEE8-B2842D2B025E}.AppStore|iPhoneSimulator.ActiveCfg = Release|Any CPU
		{0F7405FF-525B-4257-AEE8-B2842D2B025E}.AppStore|iPhoneSimulator.Build.0 = Release|Any CPU
		{0F7405FF-525B-4257-AEE8-B2842D2B025E}.AppStore|iPhoneSimulator.Deploy.0 = Release|Any CPU
		{0F7405FF-525B-4257-AEE8-B2842D2B025E}.AppStore|x64.ActiveCfg = Release|Any CPU
		{0F7405FF-525B-4257-AEE8-B2842D2B025E}.AppStore|x64.Build.0 = Release|Any CPU
		{0F7405FF-525B-4257-AEE8-B2842D2B025E}.AppStore|x64.Deploy.0 = Release|Any CPU
		{0F7405FF-525B-4257-AEE8-B2842D2B025E}.AppStore|x86.ActiveCfg = Release|Any CPU
		{0F7405FF-525B-4257-AEE8-B2842D2B025E}.AppStore|x86.Build.0 = Release|Any CPU
		{0F7405FF-525B-4257-AEE8-B2842D2B025E}.AppStore|x86.Deploy.0 = Release|Any CPU
		{0F7405FF-525B-4257-AEE8-B2842D2B025E}.Debug|Any CPU.ActiveCfg = Debug|Any CPU
		{0F7405FF-525B-4257-AEE8-B2842D2B025E}.Debug|Any CPU.Build.0 = Debug|Any CPU
		{0F7405FF-525B-4257-AEE8-B2842D2B025E}.Debug|Any CPU.Deploy.0 = Debug|Any CPU
		{0F7405FF-525B-4257-AEE8-B2842D2B025E}.Debug|ARM.ActiveCfg = Debug|Any CPU
		{0F7405FF-525B-4257-AEE8-B2842D2B025E}.Debug|ARM.Build.0 = Debug|Any CPU
		{0F7405FF-525B-4257-AEE8-B2842D2B025E}.Debug|ARM.Deploy.0 = Debug|Any CPU
		{0F7405FF-525B-4257-AEE8-B2842D2B025E}.Debug|iPhone.ActiveCfg = Debug|Any CPU
		{0F7405FF-525B-4257-AEE8-B2842D2B025E}.Debug|iPhone.Build.0 = Debug|Any CPU
		{0F7405FF-525B-4257-AEE8-B2842D2B025E}.Debug|iPhone.Deploy.0 = Debug|Any CPU
		{0F7405FF-525B-4257-AEE8-B2842D2B025E}.Debug|iPhoneSimulator.ActiveCfg = Debug|Any CPU
		{0F7405FF-525B-4257-AEE8-B2842D2B025E}.Debug|iPhoneSimulator.Build.0 = Debug|Any CPU
		{0F7405FF-525B-4257-AEE8-B2842D2B025E}.Debug|iPhoneSimulator.Deploy.0 = Debug|Any CPU
		{0F7405FF-525B-4257-AEE8-B2842D2B025E}.Debug|x64.ActiveCfg = Debug|Any CPU
		{0F7405FF-525B-4257-AEE8-B2842D2B025E}.Debug|x64.Build.0 = Debug|Any CPU
		{0F7405FF-525B-4257-AEE8-B2842D2B025E}.Debug|x64.Deploy.0 = Debug|Any CPU
		{0F7405FF-525B-4257-AEE8-B2842D2B025E}.Debug|x86.ActiveCfg = Debug|Any CPU
		{0F7405FF-525B-4257-AEE8-B2842D2B025E}.Debug|x86.Build.0 = Debug|Any CPU
		{0F7405FF-525B-4257-AEE8-B2842D2B025E}.Debug|x86.Deploy.0 = Debug|Any CPU
		{0F7405FF-525B-4257-AEE8-B2842D2B025E}.Release|Any CPU.ActiveCfg = Release|Any CPU
		{0F7405FF-525B-4257-AEE8-B2842D2B025E}.Release|Any CPU.Build.0 = Release|Any CPU
		{0F7405FF-525B-4257-AEE8-B2842D2B025E}.Release|Any CPU.Deploy.0 = Release|Any CPU
		{0F7405FF-525B-4257-AEE8-B2842D2B025E}.Release|ARM.ActiveCfg = Release|Any CPU
		{0F7405FF-525B-4257-AEE8-B2842D2B025E}.Release|ARM.Build.0 = Release|Any CPU
		{0F7405FF-525B-4257-AEE8-B2842D2B025E}.Release|ARM.Deploy.0 = Release|Any CPU
		{0F7405FF-525B-4257-AEE8-B2842D2B025E}.Release|iPhone.ActiveCfg = Release|Any CPU
		{0F7405FF-525B-4257-AEE8-B2842D2B025E}.Release|iPhone.Build.0 = Release|Any CPU
		{0F7405FF-525B-4257-AEE8-B2842D2B025E}.Release|iPhone.Deploy.0 = Release|Any CPU
		{0F7405FF-525B-4257-AEE8-B2842D2B025E}.Release|iPhoneSimulator.ActiveCfg = Release|Any CPU
		{0F7405FF-525B-4257-AEE8-B2842D2B025E}.Release|iPhoneSimulator.Build.0 = Release|Any CPU
		{0F7405FF-525B-4257-AEE8-B2842D2B025E}.Release|iPhoneSimulator.Deploy.0 = Release|Any CPU
		{0F7405FF-525B-4257-AEE8-B2842D2B025E}.Release|x64.ActiveCfg = Release|Any CPU
		{0F7405FF-525B-4257-AEE8-B2842D2B025E}.Release|x64.Build.0 = Release|Any CPU
		{0F7405FF-525B-4257-AEE8-B2842D2B025E}.Release|x64.Deploy.0 = Release|Any CPU
		{0F7405FF-525B-4257-AEE8-B2842D2B025E}.Release|x86.ActiveCfg = Release|Any CPU
		{0F7405FF-525B-4257-AEE8-B2842D2B025E}.Release|x86.Build.0 = Release|Any CPU
		{0F7405FF-525B-4257-AEE8-B2842D2B025E}.Release|x86.Deploy.0 = Release|Any CPU
		{40FDF8A3-4F7C-4BC5-B63D-C36FFE972110}.Ad-Hoc|Any CPU.ActiveCfg = Ad-Hoc|iPhone
		{40FDF8A3-4F7C-4BC5-B63D-C36FFE972110}.Ad-Hoc|Any CPU.Build.0 = Ad-Hoc|iPhone
		{40FDF8A3-4F7C-4BC5-B63D-C36FFE972110}.Ad-Hoc|Any CPU.Deploy.0 = Ad-Hoc|iPhone
		{40FDF8A3-4F7C-4BC5-B63D-C36FFE972110}.Ad-Hoc|ARM.ActiveCfg = Ad-Hoc|iPhone
		{40FDF8A3-4F7C-4BC5-B63D-C36FFE972110}.Ad-Hoc|ARM.Build.0 = Ad-Hoc|iPhone
		{40FDF8A3-4F7C-4BC5-B63D-C36FFE972110}.Ad-Hoc|ARM.Deploy.0 = Ad-Hoc|iPhone
		{40FDF8A3-4F7C-4BC5-B63D-C36FFE972110}.Ad-Hoc|iPhone.ActiveCfg = Ad-Hoc|iPhone
		{40FDF8A3-4F7C-4BC5-B63D-C36FFE972110}.Ad-Hoc|iPhone.Build.0 = Ad-Hoc|iPhone
		{40FDF8A3-4F7C-4BC5-B63D-C36FFE972110}.Ad-Hoc|iPhone.Deploy.0 = Ad-Hoc|iPhone
		{40FDF8A3-4F7C-4BC5-B63D-C36FFE972110}.Ad-Hoc|iPhoneSimulator.ActiveCfg = Ad-Hoc|iPhoneSimulator
		{40FDF8A3-4F7C-4BC5-B63D-C36FFE972110}.Ad-Hoc|iPhoneSimulator.Build.0 = Ad-Hoc|iPhoneSimulator
		{40FDF8A3-4F7C-4BC5-B63D-C36FFE972110}.Ad-Hoc|iPhoneSimulator.Deploy.0 = Ad-Hoc|iPhoneSimulator
		{40FDF8A3-4F7C-4BC5-B63D-C36FFE972110}.Ad-Hoc|x64.ActiveCfg = Ad-Hoc|iPhone
		{40FDF8A3-4F7C-4BC5-B63D-C36FFE972110}.Ad-Hoc|x64.Build.0 = Ad-Hoc|iPhone
		{40FDF8A3-4F7C-4BC5-B63D-C36FFE972110}.Ad-Hoc|x64.Deploy.0 = Ad-Hoc|iPhone
		{40FDF8A3-4F7C-4BC5-B63D-C36FFE972110}.Ad-Hoc|x86.ActiveCfg = Ad-Hoc|iPhone
		{40FDF8A3-4F7C-4BC5-B63D-C36FFE972110}.Ad-Hoc|x86.Build.0 = Ad-Hoc|iPhone
		{40FDF8A3-4F7C-4BC5-B63D-C36FFE972110}.Ad-Hoc|x86.Deploy.0 = Ad-Hoc|iPhone
		{40FDF8A3-4F7C-4BC5-B63D-C36FFE972110}.AppStore|Any CPU.ActiveCfg = AppStore|iPhone
		{40FDF8A3-4F7C-4BC5-B63D-C36FFE972110}.AppStore|Any CPU.Build.0 = AppStore|iPhone
		{40FDF8A3-4F7C-4BC5-B63D-C36FFE972110}.AppStore|Any CPU.Deploy.0 = AppStore|iPhone
		{40FDF8A3-4F7C-4BC5-B63D-C36FFE972110}.AppStore|ARM.ActiveCfg = AppStore|iPhone
		{40FDF8A3-4F7C-4BC5-B63D-C36FFE972110}.AppStore|ARM.Build.0 = AppStore|iPhone
		{40FDF8A3-4F7C-4BC5-B63D-C36FFE972110}.AppStore|ARM.Deploy.0 = AppStore|iPhone
		{40FDF8A3-4F7C-4BC5-B63D-C36FFE972110}.AppStore|iPhone.ActiveCfg = AppStore|iPhone
		{40FDF8A3-4F7C-4BC5-B63D-C36FFE972110}.AppStore|iPhone.Build.0 = AppStore|iPhone
		{40FDF8A3-4F7C-4BC5-B63D-C36FFE972110}.AppStore|iPhone.Deploy.0 = AppStore|iPhone
		{40FDF8A3-4F7C-4BC5-B63D-C36FFE972110}.AppStore|iPhoneSimulator.ActiveCfg = AppStore|iPhoneSimulator
		{40FDF8A3-4F7C-4BC5-B63D-C36FFE972110}.AppStore|iPhoneSimulator.Build.0 = AppStore|iPhoneSimulator
		{40FDF8A3-4F7C-4BC5-B63D-C36FFE972110}.AppStore|iPhoneSimulator.Deploy.0 = AppStore|iPhoneSimulator
		{40FDF8A3-4F7C-4BC5-B63D-C36FFE972110}.AppStore|x64.ActiveCfg = AppStore|iPhone
		{40FDF8A3-4F7C-4BC5-B63D-C36FFE972110}.AppStore|x64.Build.0 = AppStore|iPhone
		{40FDF8A3-4F7C-4BC5-B63D-C36FFE972110}.AppStore|x64.Deploy.0 = AppStore|iPhone
		{40FDF8A3-4F7C-4BC5-B63D-C36FFE972110}.AppStore|x86.ActiveCfg = AppStore|iPhone
		{40FDF8A3-4F7C-4BC5-B63D-C36FFE972110}.AppStore|x86.Build.0 = AppStore|iPhone
		{40FDF8A3-4F7C-4BC5-B63D-C36FFE972110}.AppStore|x86.Deploy.0 = AppStore|iPhone
		{40FDF8A3-4F7C-4BC5-B63D-C36FFE972110}.Debug|Any CPU.ActiveCfg = Debug|iPhoneSimulator
		{40FDF8A3-4F7C-4BC5-B63D-C36FFE972110}.Debug|Any CPU.Build.0 = Debug|iPhoneSimulator
		{40FDF8A3-4F7C-4BC5-B63D-C36FFE972110}.Debug|Any CPU.Deploy.0 = Debug|iPhoneSimulator
		{40FDF8A3-4F7C-4BC5-B63D-C36FFE972110}.Debug|ARM.ActiveCfg = Debug|iPhone
		{40FDF8A3-4F7C-4BC5-B63D-C36FFE972110}.Debug|ARM.Build.0 = Debug|iPhone
		{40FDF8A3-4F7C-4BC5-B63D-C36FFE972110}.Debug|ARM.Deploy.0 = Debug|iPhone
		{40FDF8A3-4F7C-4BC5-B63D-C36FFE972110}.Debug|iPhone.ActiveCfg = Debug|iPhone
		{40FDF8A3-4F7C-4BC5-B63D-C36FFE972110}.Debug|iPhone.Build.0 = Debug|iPhone
		{40FDF8A3-4F7C-4BC5-B63D-C36FFE972110}.Debug|iPhone.Deploy.0 = Debug|iPhone
		{40FDF8A3-4F7C-4BC5-B63D-C36FFE972110}.Debug|iPhoneSimulator.ActiveCfg = Debug|iPhoneSimulator
		{40FDF8A3-4F7C-4BC5-B63D-C36FFE972110}.Debug|iPhoneSimulator.Build.0 = Debug|iPhoneSimulator
		{40FDF8A3-4F7C-4BC5-B63D-C36FFE972110}.Debug|iPhoneSimulator.Deploy.0 = Debug|iPhoneSimulator
		{40FDF8A3-4F7C-4BC5-B63D-C36FFE972110}.Debug|x64.ActiveCfg = Debug|iPhone
		{40FDF8A3-4F7C-4BC5-B63D-C36FFE972110}.Debug|x64.Build.0 = Debug|iPhone
		{40FDF8A3-4F7C-4BC5-B63D-C36FFE972110}.Debug|x64.Deploy.0 = Debug|iPhone
		{40FDF8A3-4F7C-4BC5-B63D-C36FFE972110}.Debug|x86.ActiveCfg = Debug|iPhone
		{40FDF8A3-4F7C-4BC5-B63D-C36FFE972110}.Debug|x86.Build.0 = Debug|iPhone
		{40FDF8A3-4F7C-4BC5-B63D-C36FFE972110}.Debug|x86.Deploy.0 = Debug|iPhone
		{40FDF8A3-4F7C-4BC5-B63D-C36FFE972110}.Release|Any CPU.ActiveCfg = Release|iPhone
		{40FDF8A3-4F7C-4BC5-B63D-C36FFE972110}.Release|Any CPU.Build.0 = Release|iPhone
		{40FDF8A3-4F7C-4BC5-B63D-C36FFE972110}.Release|Any CPU.Deploy.0 = Release|iPhone
		{40FDF8A3-4F7C-4BC5-B63D-C36FFE972110}.Release|ARM.ActiveCfg = Release|iPhone
		{40FDF8A3-4F7C-4BC5-B63D-C36FFE972110}.Release|ARM.Build.0 = Release|iPhone
		{40FDF8A3-4F7C-4BC5-B63D-C36FFE972110}.Release|ARM.Deploy.0 = Release|iPhone
		{40FDF8A3-4F7C-4BC5-B63D-C36FFE972110}.Release|iPhone.ActiveCfg = Release|iPhone
		{40FDF8A3-4F7C-4BC5-B63D-C36FFE972110}.Release|iPhone.Build.0 = Release|iPhone
		{40FDF8A3-4F7C-4BC5-B63D-C36FFE972110}.Release|iPhone.Deploy.0 = Release|iPhone
		{40FDF8A3-4F7C-4BC5-B63D-C36FFE972110}.Release|iPhoneSimulator.ActiveCfg = Release|iPhoneSimulator
		{40FDF8A3-4F7C-4BC5-B63D-C36FFE972110}.Release|iPhoneSimulator.Build.0 = Release|iPhoneSimulator
		{40FDF8A3-4F7C-4BC5-B63D-C36FFE972110}.Release|iPhoneSimulator.Deploy.0 = Release|iPhoneSimulator
		{40FDF8A3-4F7C-4BC5-B63D-C36FFE972110}.Release|x64.ActiveCfg = Release|iPhone
		{40FDF8A3-4F7C-4BC5-B63D-C36FFE972110}.Release|x64.Build.0 = Release|iPhone
		{40FDF8A3-4F7C-4BC5-B63D-C36FFE972110}.Release|x64.Deploy.0 = Release|iPhone
		{40FDF8A3-4F7C-4BC5-B63D-C36FFE972110}.Release|x86.ActiveCfg = Release|iPhone
		{40FDF8A3-4F7C-4BC5-B63D-C36FFE972110}.Release|x86.Build.0 = Release|iPhone
		{40FDF8A3-4F7C-4BC5-B63D-C36FFE972110}.Release|x86.Deploy.0 = Release|iPhone
		{A0B4B8F7-82FC-47C5-B291-FC1F2E892CC5}.Ad-Hoc|Any CPU.ActiveCfg = Release|x86
		{A0B4B8F7-82FC-47C5-B291-FC1F2E892CC5}.Ad-Hoc|Any CPU.Build.0 = Release|x86
		{A0B4B8F7-82FC-47C5-B291-FC1F2E892CC5}.Ad-Hoc|Any CPU.Deploy.0 = Release|x86
		{A0B4B8F7-82FC-47C5-B291-FC1F2E892CC5}.Ad-Hoc|ARM.ActiveCfg = Release|ARM
		{A0B4B8F7-82FC-47C5-B291-FC1F2E892CC5}.Ad-Hoc|ARM.Build.0 = Release|ARM
		{A0B4B8F7-82FC-47C5-B291-FC1F2E892CC5}.Ad-Hoc|ARM.Deploy.0 = Release|ARM
		{A0B4B8F7-82FC-47C5-B291-FC1F2E892CC5}.Ad-Hoc|iPhone.ActiveCfg = Release|x86
		{A0B4B8F7-82FC-47C5-B291-FC1F2E892CC5}.Ad-Hoc|iPhone.Build.0 = Release|x86
		{A0B4B8F7-82FC-47C5-B291-FC1F2E892CC5}.Ad-Hoc|iPhone.Deploy.0 = Release|x86
		{A0B4B8F7-82FC-47C5-B291-FC1F2E892CC5}.Ad-Hoc|iPhoneSimulator.ActiveCfg = Release|x86
		{A0B4B8F7-82FC-47C5-B291-FC1F2E892CC5}.Ad-Hoc|iPhoneSimulator.Build.0 = Release|x86
		{A0B4B8F7-82FC-47C5-B291-FC1F2E892CC5}.Ad-Hoc|iPhoneSimulator.Deploy.0 = Release|x86
		{A0B4B8F7-82FC-47C5-B291-FC1F2E892CC5}.Ad-Hoc|x64.ActiveCfg = Release|x64
		{A0B4B8F7-82FC-47C5-B291-FC1F2E892CC5}.Ad-Hoc|x64.Build.0 = Release|x64
		{A0B4B8F7-82FC-47C5-B291-FC1F2E892CC5}.Ad-Hoc|x64.Deploy.0 = Release|x64
		{A0B4B8F7-82FC-47C5-B291-FC1F2E892CC5}.Ad-Hoc|x86.ActiveCfg = Release|x86
		{A0B4B8F7-82FC-47C5-B291-FC1F2E892CC5}.Ad-Hoc|x86.Build.0 = Release|x86
		{A0B4B8F7-82FC-47C5-B291-FC1F2E892CC5}.Ad-Hoc|x86.Deploy.0 = Release|x86
		{A0B4B8F7-82FC-47C5-B291-FC1F2E892CC5}.AppStore|Any CPU.ActiveCfg = Release|x86
		{A0B4B8F7-82FC-47C5-B291-FC1F2E892CC5}.AppStore|Any CPU.Build.0 = Release|x86
		{A0B4B8F7-82FC-47C5-B291-FC1F2E892CC5}.AppStore|Any CPU.Deploy.0 = Release|x86
		{A0B4B8F7-82FC-47C5-B291-FC1F2E892CC5}.AppStore|ARM.ActiveCfg = Release|ARM
		{A0B4B8F7-82FC-47C5-B291-FC1F2E892CC5}.AppStore|ARM.Build.0 = Release|ARM
		{A0B4B8F7-82FC-47C5-B291-FC1F2E892CC5}.AppStore|ARM.Deploy.0 = Release|ARM
		{A0B4B8F7-82FC-47C5-B291-FC1F2E892CC5}.AppStore|iPhone.ActiveCfg = Release|x86
		{A0B4B8F7-82FC-47C5-B291-FC1F2E892CC5}.AppStore|iPhone.Build.0 = Release|x86
		{A0B4B8F7-82FC-47C5-B291-FC1F2E892CC5}.AppStore|iPhone.Deploy.0 = Release|x86
		{A0B4B8F7-82FC-47C5-B291-FC1F2E892CC5}.AppStore|iPhoneSimulator.ActiveCfg = Release|x86
		{A0B4B8F7-82FC-47C5-B291-FC1F2E892CC5}.AppStore|iPhoneSimulator.Build.0 = Release|x86
		{A0B4B8F7-82FC-47C5-B291-FC1F2E892CC5}.AppStore|iPhoneSimulator.Deploy.0 = Release|x86
		{A0B4B8F7-82FC-47C5-B291-FC1F2E892CC5}.AppStore|x64.ActiveCfg = Release|x64
		{A0B4B8F7-82FC-47C5-B291-FC1F2E892CC5}.AppStore|x64.Build.0 = Release|x64
		{A0B4B8F7-82FC-47C5-B291-FC1F2E892CC5}.AppStore|x64.Deploy.0 = Release|x64
		{A0B4B8F7-82FC-47C5-B291-FC1F2E892CC5}.AppStore|x86.ActiveCfg = Release|x86
		{A0B4B8F7-82FC-47C5-B291-FC1F2E892CC5}.AppStore|x86.Build.0 = Release|x86
		{A0B4B8F7-82FC-47C5-B291-FC1F2E892CC5}.AppStore|x86.Deploy.0 = Release|x86
		{A0B4B8F7-82FC-47C5-B291-FC1F2E892CC5}.Debug|Any CPU.ActiveCfg = Debug|x86
		{A0B4B8F7-82FC-47C5-B291-FC1F2E892CC5}.Debug|Any CPU.Build.0 = Debug|x86
		{A0B4B8F7-82FC-47C5-B291-FC1F2E892CC5}.Debug|Any CPU.Deploy.0 = Debug|x86
		{A0B4B8F7-82FC-47C5-B291-FC1F2E892CC5}.Debug|ARM.ActiveCfg = Debug|ARM
		{A0B4B8F7-82FC-47C5-B291-FC1F2E892CC5}.Debug|ARM.Build.0 = Debug|ARM
		{A0B4B8F7-82FC-47C5-B291-FC1F2E892CC5}.Debug|ARM.Deploy.0 = Debug|ARM
		{A0B4B8F7-82FC-47C5-B291-FC1F2E892CC5}.Debug|iPhone.ActiveCfg = Debug|x86
		{A0B4B8F7-82FC-47C5-B291-FC1F2E892CC5}.Debug|iPhone.Build.0 = Debug|x86
		{A0B4B8F7-82FC-47C5-B291-FC1F2E892CC5}.Debug|iPhone.Deploy.0 = Debug|x86
		{A0B4B8F7-82FC-47C5-B291-FC1F2E892CC5}.Debug|iPhoneSimulator.ActiveCfg = Debug|x86
		{A0B4B8F7-82FC-47C5-B291-FC1F2E892CC5}.Debug|iPhoneSimulator.Build.0 = Debug|x86
		{A0B4B8F7-82FC-47C5-B291-FC1F2E892CC5}.Debug|iPhoneSimulator.Deploy.0 = Debug|x86
		{A0B4B8F7-82FC-47C5-B291-FC1F2E892CC5}.Debug|x64.ActiveCfg = Debug|x64
		{A0B4B8F7-82FC-47C5-B291-FC1F2E892CC5}.Debug|x64.Build.0 = Debug|x64
		{A0B4B8F7-82FC-47C5-B291-FC1F2E892CC5}.Debug|x64.Deploy.0 = Debug|x64
		{A0B4B8F7-82FC-47C5-B291-FC1F2E892CC5}.Debug|x86.ActiveCfg = Debug|x86
		{A0B4B8F7-82FC-47C5-B291-FC1F2E892CC5}.Debug|x86.Build.0 = Debug|x86
		{A0B4B8F7-82FC-47C5-B291-FC1F2E892CC5}.Debug|x86.Deploy.0 = Debug|x86
		{A0B4B8F7-82FC-47C5-B291-FC1F2E892CC5}.Release|Any CPU.ActiveCfg = Release|x86
		{A0B4B8F7-82FC-47C5-B291-FC1F2E892CC5}.Release|Any CPU.Build.0 = Release|x86
		{A0B4B8F7-82FC-47C5-B291-FC1F2E892CC5}.Release|Any CPU.Deploy.0 = Release|x86
		{A0B4B8F7-82FC-47C5-B291-FC1F2E892CC5}.Release|ARM.ActiveCfg = Release|ARM
		{A0B4B8F7-82FC-47C5-B291-FC1F2E892CC5}.Release|ARM.Build.0 = Release|ARM
		{A0B4B8F7-82FC-47C5-B291-FC1F2E892CC5}.Release|ARM.Deploy.0 = Release|ARM
		{A0B4B8F7-82FC-47C5-B291-FC1F2E892CC5}.Release|iPhone.ActiveCfg = Release|x86
		{A0B4B8F7-82FC-47C5-B291-FC1F2E892CC5}.Release|iPhone.Build.0 = Release|x86
		{A0B4B8F7-82FC-47C5-B291-FC1F2E892CC5}.Release|iPhone.Deploy.0 = Release|x86
		{A0B4B8F7-82FC-47C5-B291-FC1F2E892CC5}.Release|iPhoneSimulator.ActiveCfg = Release|x86
		{A0B4B8F7-82FC-47C5-B291-FC1F2E892CC5}.Release|iPhoneSimulator.Build.0 = Release|x86
		{A0B4B8F7-82FC-47C5-B291-FC1F2E892CC5}.Release|iPhoneSimulator.Deploy.0 = Release|x86
		{A0B4B8F7-82FC-47C5-B291-FC1F2E892CC5}.Release|x64.ActiveCfg = Release|x64
		{A0B4B8F7-82FC-47C5-B291-FC1F2E892CC5}.Release|x64.Build.0 = Release|x64
		{A0B4B8F7-82FC-47C5-B291-FC1F2E892CC5}.Release|x64.Deploy.0 = Release|x64
		{A0B4B8F7-82FC-47C5-B291-FC1F2E892CC5}.Release|x86.ActiveCfg = Release|x86
		{A0B4B8F7-82FC-47C5-B291-FC1F2E892CC5}.Release|x86.Build.0 = Release|x86
		{A0B4B8F7-82FC-47C5-B291-FC1F2E892CC5}.Release|x86.Deploy.0 = Release|x86
		{C025D88C-16D5-44E2-8667-CE8999B38DFB}.Ad-Hoc|Any CPU.ActiveCfg = Debug|Any CPU
		{C025D88C-16D5-44E2-8667-CE8999B38DFB}.Ad-Hoc|Any CPU.Build.0 = Debug|Any CPU
		{C025D88C-16D5-44E2-8667-CE8999B38DFB}.Ad-Hoc|Any CPU.Deploy.0 = Debug|Any CPU
		{C025D88C-16D5-44E2-8667-CE8999B38DFB}.Ad-Hoc|ARM.ActiveCfg = Debug|Any CPU
		{C025D88C-16D5-44E2-8667-CE8999B38DFB}.Ad-Hoc|ARM.Build.0 = Debug|Any CPU
		{C025D88C-16D5-44E2-8667-CE8999B38DFB}.Ad-Hoc|ARM.Deploy.0 = Debug|Any CPU
		{C025D88C-16D5-44E2-8667-CE8999B38DFB}.Ad-Hoc|iPhone.ActiveCfg = Debug|Any CPU
		{C025D88C-16D5-44E2-8667-CE8999B38DFB}.Ad-Hoc|iPhone.Build.0 = Debug|Any CPU
		{C025D88C-16D5-44E2-8667-CE8999B38DFB}.Ad-Hoc|iPhone.Deploy.0 = Debug|Any CPU
		{C025D88C-16D5-44E2-8667-CE8999B38DFB}.Ad-Hoc|iPhoneSimulator.ActiveCfg = Debug|Any CPU
		{C025D88C-16D5-44E2-8667-CE8999B38DFB}.Ad-Hoc|iPhoneSimulator.Build.0 = Debug|Any CPU
		{C025D88C-16D5-44E2-8667-CE8999B38DFB}.Ad-Hoc|iPhoneSimulator.Deploy.0 = Debug|Any CPU
		{C025D88C-16D5-44E2-8667-CE8999B38DFB}.Ad-Hoc|x64.ActiveCfg = Debug|Any CPU
		{C025D88C-16D5-44E2-8667-CE8999B38DFB}.Ad-Hoc|x64.Build.0 = Debug|Any CPU
		{C025D88C-16D5-44E2-8667-CE8999B38DFB}.Ad-Hoc|x64.Deploy.0 = Debug|Any CPU
		{C025D88C-16D5-44E2-8667-CE8999B38DFB}.Ad-Hoc|x86.ActiveCfg = Debug|Any CPU
		{C025D88C-16D5-44E2-8667-CE8999B38DFB}.Ad-Hoc|x86.Build.0 = Debug|Any CPU
		{C025D88C-16D5-44E2-8667-CE8999B38DFB}.Ad-Hoc|x86.Deploy.0 = Debug|Any CPU
		{C025D88C-16D5-44E2-8667-CE8999B38DFB}.AppStore|Any CPU.ActiveCfg = Debug|Any CPU
		{C025D88C-16D5-44E2-8667-CE8999B38DFB}.AppStore|Any CPU.Build.0 = Debug|Any CPU
		{C025D88C-16D5-44E2-8667-CE8999B38DFB}.AppStore|Any CPU.Deploy.0 = Debug|Any CPU
		{C025D88C-16D5-44E2-8667-CE8999B38DFB}.AppStore|ARM.ActiveCfg = Debug|Any CPU
		{C025D88C-16D5-44E2-8667-CE8999B38DFB}.AppStore|ARM.Build.0 = Debug|Any CPU
		{C025D88C-16D5-44E2-8667-CE8999B38DFB}.AppStore|ARM.Deploy.0 = Debug|Any CPU
		{C025D88C-16D5-44E2-8667-CE8999B38DFB}.AppStore|iPhone.ActiveCfg = Debug|Any CPU
		{C025D88C-16D5-44E2-8667-CE8999B38DFB}.AppStore|iPhone.Build.0 = Debug|Any CPU
		{C025D88C-16D5-44E2-8667-CE8999B38DFB}.AppStore|iPhone.Deploy.0 = Debug|Any CPU
		{C025D88C-16D5-44E2-8667-CE8999B38DFB}.AppStore|iPhoneSimulator.ActiveCfg = Debug|Any CPU
		{C025D88C-16D5-44E2-8667-CE8999B38DFB}.AppStore|iPhoneSimulator.Build.0 = Debug|Any CPU
		{C025D88C-16D5-44E2-8667-CE8999B38DFB}.AppStore|iPhoneSimulator.Deploy.0 = Debug|Any CPU
		{C025D88C-16D5-44E2-8667-CE8999B38DFB}.AppStore|x64.ActiveCfg = Debug|Any CPU
		{C025D88C-16D5-44E2-8667-CE8999B38DFB}.AppStore|x64.Build.0 = Debug|Any CPU
		{C025D88C-16D5-44E2-8667-CE8999B38DFB}.AppStore|x64.Deploy.0 = Debug|Any CPU
		{C025D88C-16D5-44E2-8667-CE8999B38DFB}.AppStore|x86.ActiveCfg = Debug|Any CPU
		{C025D88C-16D5-44E2-8667-CE8999B38DFB}.AppStore|x86.Build.0 = Debug|Any CPU
		{C025D88C-16D5-44E2-8667-CE8999B38DFB}.AppStore|x86.Deploy.0 = Debug|Any CPU
		{C025D88C-16D5-44E2-8667-CE8999B38DFB}.Debug|Any CPU.ActiveCfg = Debug|Any CPU
		{C025D88C-16D5-44E2-8667-CE8999B38DFB}.Debug|Any CPU.Build.0 = Debug|Any CPU
		{C025D88C-16D5-44E2-8667-CE8999B38DFB}.Debug|Any CPU.Deploy.0 = Debug|Any CPU
		{C025D88C-16D5-44E2-8667-CE8999B38DFB}.Debug|ARM.ActiveCfg = Debug|Any CPU
		{C025D88C-16D5-44E2-8667-CE8999B38DFB}.Debug|ARM.Build.0 = Debug|Any CPU
		{C025D88C-16D5-44E2-8667-CE8999B38DFB}.Debug|ARM.Deploy.0 = Debug|Any CPU
		{C025D88C-16D5-44E2-8667-CE8999B38DFB}.Debug|iPhone.ActiveCfg = Debug|Any CPU
		{C025D88C-16D5-44E2-8667-CE8999B38DFB}.Debug|iPhone.Build.0 = Debug|Any CPU
		{C025D88C-16D5-44E2-8667-CE8999B38DFB}.Debug|iPhone.Deploy.0 = Debug|Any CPU
		{C025D88C-16D5-44E2-8667-CE8999B38DFB}.Debug|iPhoneSimulator.ActiveCfg = Debug|Any CPU
		{C025D88C-16D5-44E2-8667-CE8999B38DFB}.Debug|iPhoneSimulator.Build.0 = Debug|Any CPU
		{C025D88C-16D5-44E2-8667-CE8999B38DFB}.Debug|iPhoneSimulator.Deploy.0 = Debug|Any CPU
		{C025D88C-16D5-44E2-8667-CE8999B38DFB}.Debug|x64.ActiveCfg = Debug|Any CPU
		{C025D88C-16D5-44E2-8667-CE8999B38DFB}.Debug|x64.Build.0 = Debug|Any CPU
		{C025D88C-16D5-44E2-8667-CE8999B38DFB}.Debug|x64.Deploy.0 = Debug|Any CPU
		{C025D88C-16D5-44E2-8667-CE8999B38DFB}.Debug|x86.ActiveCfg = Debug|Any CPU
		{C025D88C-16D5-44E2-8667-CE8999B38DFB}.Debug|x86.Build.0 = Debug|Any CPU
		{C025D88C-16D5-44E2-8667-CE8999B38DFB}.Debug|x86.Deploy.0 = Debug|Any CPU
		{C025D88C-16D5-44E2-8667-CE8999B38DFB}.Release|Any CPU.ActiveCfg = Release|Any CPU
		{C025D88C-16D5-44E2-8667-CE8999B38DFB}.Release|Any CPU.Build.0 = Release|Any CPU
		{C025D88C-16D5-44E2-8667-CE8999B38DFB}.Release|Any CPU.Deploy.0 = Release|Any CPU
		{C025D88C-16D5-44E2-8667-CE8999B38DFB}.Release|ARM.ActiveCfg = Release|Any CPU
		{C025D88C-16D5-44E2-8667-CE8999B38DFB}.Release|ARM.Build.0 = Release|Any CPU
		{C025D88C-16D5-44E2-8667-CE8999B38DFB}.Release|ARM.Deploy.0 = Release|Any CPU
		{C025D88C-16D5-44E2-8667-CE8999B38DFB}.Release|iPhone.ActiveCfg = Release|Any CPU
		{C025D88C-16D5-44E2-8667-CE8999B38DFB}.Release|iPhone.Build.0 = Release|Any CPU
		{C025D88C-16D5-44E2-8667-CE8999B38DFB}.Release|iPhone.Deploy.0 = Release|Any CPU
		{C025D88C-16D5-44E2-8667-CE8999B38DFB}.Release|iPhoneSimulator.ActiveCfg = Release|Any CPU
		{C025D88C-16D5-44E2-8667-CE8999B38DFB}.Release|iPhoneSimulator.Build.0 = Release|Any CPU
		{C025D88C-16D5-44E2-8667-CE8999B38DFB}.Release|iPhoneSimulator.Deploy.0 = Release|Any CPU
		{C025D88C-16D5-44E2-8667-CE8999B38DFB}.Release|x64.ActiveCfg = Release|Any CPU
		{C025D88C-16D5-44E2-8667-CE8999B38DFB}.Release|x64.Build.0 = Release|Any CPU
		{C025D88C-16D5-44E2-8667-CE8999B38DFB}.Release|x64.Deploy.0 = Release|Any CPU
		{C025D88C-16D5-44E2-8667-CE8999B38DFB}.Release|x86.ActiveCfg = Release|Any CPU
		{C025D88C-16D5-44E2-8667-CE8999B38DFB}.Release|x86.Build.0 = Release|Any CPU
		{C025D88C-16D5-44E2-8667-CE8999B38DFB}.Release|x86.Deploy.0 = Release|Any CPU
	EndGlobalSection
	GlobalSection(SolutionProperties) = preSolution
		HideSolutionNode = FALSE
	EndGlobalSection
	GlobalSection(ExtensibilityGlobals) = postSolution
		SolutionGuid = {1295CF6B-8115-46FF-88A0-FA7D748791B8}
	EndGlobalSection
EndGlobal
